
Microsoft Visual Studio Solution File, Format Version 12.00
# Visual Studio 14
VisualStudioVersion = 14.0.25123.0
MinimumVisualStudioVersion = 10.0.40219.1
Project("{501FCCD5-83A8-47FC-A510-235D94F5C7A0}") = "Sitecore.Support.210024", "Sitecore.Support.210024\Sitecore.Support.210024.csproj", "{BD0CF2DF-CBD8-44BE-A7A0-8073EEF60C9B}"
EndProject
Global
	GlobalSection(SolutionConfigurationPlatforms) = preSolution
		Debug|Any CPU = Debug|Any CPU
		Release|Any CPU = Release|Any CPU
	EndGlobalSection
	GlobalSection(ProjectConfigurationPlatforms) = postSolution
		{BD0CF2DF-CBD8-44BE-A7A0-8073EEF60C9B}.Debug|Any CPU.ActiveCfg = Debug|Any CPU
		{BD0CF2DF-CBD8-44BE-A7A0-8073EEF60C9B}.Debug|Any CPU.Build.0 = Debug|Any CPU
		{BD0CF2DF-CBD8-44BE-A7A0-8073EEF60C9B}.Release|Any CPU.ActiveCfg = Release|Any CPU
		{BD0CF2DF-CBD8-44BE-A7A0-8073EEF60C9B}.Release|Any CPU.Build.0 = Release|Any CPU
	EndGlobalSection
	GlobalSection(SolutionProperties) = preSolution
		HideSolutionNode = FALSE
	EndGlobalSection
EndGlobal
